
Microsoft Visual Studio Solution File, Format Version 12.00
# Visual Studio Version 17
VisualStudioVersion = 17.1.32328.378
MinimumVisualStudioVersion = 10.0.40219.1
Project("{FAE04EC0-301F-11D3-BF4B-00C04F79EFBC}") = "Nastran.Web", "Nastran.Web\Nastran.Web.csproj", "{A12EB6FF-5BED-4E28-84BC-9970074BF09A}"
EndProject
Project("{FAE04EC0-301F-11D3-BF4B-00C04F79EFBC}") = "Nastran.DataService", "Nastran.DataService\Nastran.DataService.csproj", "{8C637A95-B547-43D2-8F59-B03C11C5AF0D}"
EndProject
Global
	GlobalSection(SolutionConfigurationPlatforms) = preSolution
		Debug|Any CPU = Debug|Any CPU
		Release|Any CPU = Release|Any CPU
	EndGlobalSection
	GlobalSection(ProjectConfigurationPlatforms) = postSolution
		{A12EB6FF-5BED-4E28-84BC-9970074BF09A}.Debug|Any CPU.ActiveCfg = Debug|Any CPU
		{A12EB6FF-5BED-4E28-84BC-9970074BF09A}.Debug|Any CPU.Build.0 = Debug|Any CPU
		{A12EB6FF-5BED-4E28-84BC-9970074BF09A}.Release|Any CPU.ActiveCfg = Release|Any CPU
		{A12EB6FF-5BED-4E28-84BC-9970074BF09A}.Release|Any CPU.Build.0 = Release|Any CPU
		{8C637A95-B547-43D2-8F59-B03C11C5AF0D}.Debug|Any CPU.ActiveCfg = Debug|Any CPU
		{8C637A95-B547-43D2-8F59-B03C11C5AF0D}.Debug|Any CPU.Build.0 = Debug|Any CPU
		{8C637A95-B547-43D2-8F59-B03C11C5AF0D}.Release|Any CPU.ActiveCfg = Release|Any CPU
		{8C637A95-B547-43D2-8F59-B03C11C5AF0D}.Release|Any CPU.Build.0 = Release|Any CPU
	EndGlobalSection
	GlobalSection(SolutionProperties) = preSolution
		HideSolutionNode = FALSE
	EndGlobalSection
	GlobalSection(ExtensibilityGlobals) = postSolution
		SolutionGuid = {84EBBD25-FDC7-4DCC-8412-4EDCA8DC4D2F}
	EndGlobalSection
EndGlobal
